
Microsoft Visual Studio Solution File, Format Version 12.00
# Visual Studio Version 16
VisualStudioVersion = 16.0.29806.167
MinimumVisualStudioVersion = 10.0.40219.1
Project("{FAE04EC0-301F-11D3-BF4B-00C04F79EFBC}") = "CodingChallenge", "CodingChallenge\CodingChallenge.csproj", "{1EB18ECA-174A-4FB7-B9A9-F6C2441DD579}"
EndProject
Project("{2150E333-8FDC-42A3-9474-1A3956D46DE8}") = "Solution Items", "Solution Items", "{5A0A89D8-FBA1-489E-ADC8-7CFAA7275AB7}"
EndProject
Project("{FAE04EC0-301F-11D3-BF4B-00C04F79EFBC}") = "CodingChallengeTest", "CodingChallengeTest\CodingChallengeTest.csproj", "{ED9DD7D6-36E3-48A3-945E-47584E7B4818}"
EndProject
Global
	GlobalSection(SolutionConfigurationPlatforms) = preSolution
		Debug|Any CPU = Debug|Any CPU
		Release|Any CPU = Release|Any CPU
	EndGlobalSection
	GlobalSection(ProjectConfigurationPlatforms) = postSolution
		{1EB18ECA-174A-4FB7-B9A9-F6C2441DD579}.Debug|Any CPU.ActiveCfg = Debug|Any CPU
		{1EB18ECA-174A-4FB7-B9A9-F6C2441DD579}.Debug|Any CPU.Build.0 = Debug|Any CPU
		{1EB18ECA-174A-4FB7-B9A9-F6C2441DD579}.Release|Any CPU.ActiveCfg = Release|Any CPU
		{1EB18ECA-174A-4FB7-B9A9-F6C2441DD579}.Release|Any CPU.Build.0 = Release|Any CPU
		{ED9DD7D6-36E3-48A3-945E-47584E7B4818}.Debug|Any CPU.ActiveCfg = Debug|Any CPU
		{ED9DD7D6-36E3-48A3-945E-47584E7B4818}.Debug|Any CPU.Build.0 = Debug|Any CPU
		{ED9DD7D6-36E3-48A3-945E-47584E7B4818}.Release|Any CPU.ActiveCfg = Release|Any CPU
		{ED9DD7D6-36E3-48A3-945E-47584E7B4818}.Release|Any CPU.Build.0 = Release|Any CPU
	EndGlobalSection
	GlobalSection(SolutionProperties) = preSolution
		HideSolutionNode = FALSE
	EndGlobalSection
	GlobalSection(ExtensibilityGlobals) = postSolution
		SolutionGuid = {BE39005B-1A24-481C-8F26-44F6D2F5F58B}
	EndGlobalSection
EndGlobal
